
Microsoft Visual Studio Solution File, Format Version 12.00
# Visual Studio Version 17
VisualStudioVersion = 17.11.35312.102
MinimumVisualStudioVersion = 10.0.40219.1
Project("{FAE04EC0-301F-11D3-BF4B-00C04F79EFBC}") = "Test_DataRow", "Test_DataRow.csproj", "{1E702D72-3965-4B85-890E-BFB959D0BDF7}"
EndProject
Global
	GlobalSection(SolutionConfigurationPlatforms) = preSolution
		Debug|Any CPU = Debug|Any CPU
		Release|Any CPU = Release|Any CPU
	EndGlobalSection
	GlobalSection(ProjectConfigurationPlatforms) = postSolution
		{1E702D72-3965-4B85-890E-BFB959D0BDF7}.Debug|Any CPU.ActiveCfg = Debug|Any CPU
		{1E702D72-3965-4B85-890E-BFB959D0BDF7}.Debug|Any CPU.Build.0 = Debug|Any CPU
		{1E702D72-3965-4B85-890E-BFB959D0BDF7}.Release|Any CPU.ActiveCfg = Release|Any CPU
		{1E702D72-3965-4B85-890E-BFB959D0BDF7}.Release|Any CPU.Build.0 = Release|Any CPU
	EndGlobalSection
	GlobalSection(SolutionProperties) = preSolution
		HideSolutionNode = FALSE
	EndGlobalSection
	GlobalSection(ExtensibilityGlobals) = postSolution
		SolutionGuid = {F6E7A1E0-A949-48D4-91A4-EC5DD6951CEF}
	EndGlobalSection
EndGlobal
